
Microsoft Visual Studio Solution File, Format Version 12.00
# Visual Studio Version 17
VisualStudioVersion = 17.0.32014.148
MinimumVisualStudioVersion = 10.0.40219.1
Project("{FAE04EC0-301F-11D3-BF4B-00C04F79EFBC}") = "Homework1", "Homework1\Homework1.csproj", "{23686407-2B0B-4B5F-8514-A529B0F27BD3}"
EndProject
Global
	GlobalSection(SolutionConfigurationPlatforms) = preSolution
		Debug|Any CPU = Debug|Any CPU
		Release|Any CPU = Release|Any CPU
	EndGlobalSection
	GlobalSection(ProjectConfigurationPlatforms) = postSolution
		{23686407-2B0B-4B5F-8514-A529B0F27BD3}.Debug|Any CPU.ActiveCfg = Debug|Any CPU
		{23686407-2B0B-4B5F-8514-A529B0F27BD3}.Debug|Any CPU.Build.0 = Debug|Any CPU
		{23686407-2B0B-4B5F-8514-A529B0F27BD3}.Release|Any CPU.ActiveCfg = Release|Any CPU
		{23686407-2B0B-4B5F-8514-A529B0F27BD3}.Release|Any CPU.Build.0 = Release|Any CPU
	EndGlobalSection
	GlobalSection(SolutionProperties) = preSolution
		HideSolutionNode = FALSE
	EndGlobalSection
	GlobalSection(ExtensibilityGlobals) = postSolution
		SolutionGuid = {7E8DA3E0-8D6B-4254-B7BD-7C109469721E}
	EndGlobalSection
EndGlobal
